{
  "originHash" : "367f2b5edff8d3b75f6f3bae7ef5634f2d2b7c092d4ecf50f61e340c10e877b9",
  "pins" : [
    {
      "identity" : "mediaaccessibilitykit",
      "kind" : "remoteSourceControl",
      "location" : "https://github.com/LePips/MediaAccessibilityKit",
      "state" : {
        "revision" : "fb4073607e083964d746b6533afddabc6fb4f2d1",
        "version" : "0.2.0"
      }
    }
  ],
  "version" : 3
}
